{
  "name": "wp-block-design-compiler",
  "version": "0.0.0",
  "lockfileVersion": 3,
  "requires": true,
  "packages": {
    "": {
      "name": "wp-block-design-compiler",
      "version": "0.0.0",
      "dependencies": {
        "@wordpress/blocks": "^15.21.0",
        "@wordpress/element": "^8.0.0",
        "css-tree": "^3.2.1",
        "parse5": "^8.0.1"
      },
      "bin": {
        "wp-block-compiler": "dist/src/cli.js"
      },
      "devDependencies": {
        "@types/css-tree": "^2.3.11",
        "@types/node": "^24.0.0",
        "typescript": "^5.8.3"
      }
    },
    "node_modules/@tannin/compile": {
      "version": "1.1.0",
      "resolved": "https://registry.npmjs.org/@tannin/compile/-/compile-1.1.0.tgz",
      "integrity": "sha512-n8m9eNDfoNZoxdvWiTfW/hSPhehzLJ3zW7f8E7oT6mCROoMNWCB4TYtv041+2FMAxweiE0j7i1jubQU4MEC/Gg==",
      "license": "MIT",
      "dependencies": {
        "@tannin/evaluate": "^1.2.0",
        "@tannin/postfix": "^1.1.0"
      }
    },
    "node_modules/@tannin/evaluate": {
      "version": "1.2.0",
      "resolved": "https://registry.npmjs.org/@tannin/evaluate/-/evaluate-1.2.0.tgz",
      "integrity": "sha512-3ioXvNowbO/wSrxsDG5DKIMxC81P0QrQTYai8zFNY+umuoHWRPbQ/TuuDEOju9E+jQDXmj6yI5GyejNuh8I+eg==",
      "license": "MIT"
    },
    "node_modules/@tannin/plural-forms": {
      "version": "1.1.0",
      "resolved": "https://registry.npmjs.org/@tannin/plural-forms/-/plural-forms-1.1.0.tgz",
      "integrity": "sha512-xl9R2mDZO/qiHam1AgMnAES6IKIg7OBhcXqy6eDsRCdXuxAFPcjrej9HMjyCLE0DJ/8cHf0i5OQTstuBRhpbHw==",
      "license": "MIT",
      "dependencies": {
        "@tannin/compile": "^1.1.0"
      }
    },
    "node_modules/@tannin/postfix": {
      "version": "1.1.0",
      "resolved": "https://registry.npmjs.org/@tannin/postfix/-/postfix-1.1.0.tgz",
      "integrity": "sha512-oocsqY7g0cR+Gur5jRQLSrX2OtpMLMse1I10JQBm8CdGMrDkh1Mg2gjsiquMHRtBs4Qwu5wgEp5GgIYHk4SNPw==",
      "license": "MIT"
    },
    "node_modules/@tannin/sprintf": {
      "version": "1.3.3",
      "resolved": "https://registry.npmjs.org/@tannin/sprintf/-/sprintf-1.3.3.tgz",
      "integrity": "sha512-RwARl+hFwhzy0tg9atWcchLFvoQiOh4rrP7uG2N5E4W80BPCUX0ElcUR9St43fxB9EfjsW2df9Qp+UsTbvQDjA==",
      "license": "MIT"
    },
    "node_modules/@types/css-tree": {
      "version": "2.3.11",
      "resolved": "https://registry.npmjs.org/@types/css-tree/-/css-tree-2.3.11.tgz",
      "integrity": "sha512-aEokibJOI77uIlqoBOkVbaQGC9zII0A+JH1kcTNKW2CwyYWD8KM6qdo+4c77wD3wZOQfJuNWAr9M4hdk+YhDIg==",
      "dev": true,
      "license": "MIT"
    },
    "node_modules/@types/mousetrap": {
      "version": "1.6.15",
      "resolved": "https://registry.npmjs.org/@types/mousetrap/-/mousetrap-1.6.15.tgz",
      "integrity": "sha512-qL0hyIMNPow317QWW/63RvL1x5MVMV+Ru3NaY9f/CuEpCqrmb7WeuK2071ZY5hczOnm38qExWM2i2WtkXLSqFw==",
      "license": "MIT"
    },
    "node_modules/@types/node": {
      "version": "24.13.1",
      "resolved": "https://registry.npmjs.org/@types/node/-/node-24.13.1.tgz",
      "integrity": "sha512-RSpUJGmvsJ1ZeBehQZFhIdpsz+bIpES0nIQXko4Ybq+N+kX6XvOq3Jo+iJ82FWLdblFq85AsMikd3m35jgezYg==",
      "dev": true,
      "license": "MIT",
      "dependencies": {
        "undici-types": "~7.18.0"
      }
    },
    "node_modules/@types/prop-types": {
      "version": "15.7.15",
      "resolved": "https://registry.npmjs.org/@types/prop-types/-/prop-types-15.7.15.tgz",
      "integrity": "sha512-F6bEyamV9jKGAFBEmlQnesRPGOQqS2+Uwi0Em15xenOxHaf2hv6L8YCVn3rPdPJOiJfPiCnLIRyvwVaqMY3MIw==",
      "license": "MIT"
    },
    "node_modules/@types/react": {
      "version": "18.3.31",
      "resolved": "https://registry.npmjs.org/@types/react/-/react-18.3.31.tgz",
      "integrity": "sha512-vfEqpXTvwT91yhmwdfouStN2hSKwTvyRs8qpLfADyrq/kxDw0hZM7Wk9Ug1FELj8hIby+S/+kQCSRFF32nv2Qw==",
      "license": "MIT",
      "dependencies": {
        "@types/prop-types": "*",
        "csstype": "^3.2.2"
      }
    },
    "node_modules/@types/react-dom": {
      "version": "18.3.7",
      "resolved": "https://registry.npmjs.org/@types/react-dom/-/react-dom-18.3.7.tgz",
      "integrity": "sha512-MEe3UeoENYVFXzoXEWsvcpg6ZvlrFNlOQ7EOsvhI3CfAXwzPfO8Qwuxd40nepsYKqyyVQnTdEfv68q91yLcKrQ==",
      "license": "MIT",
      "peerDependencies": {
        "@types/react": "^18.0.0"
      }
    },
    "node_modules/@wordpress/a11y": {
      "version": "4.48.0",
      "resolved": "https://registry.npmjs.org/@wordpress/a11y/-/a11y-4.48.0.tgz",
      "integrity": "sha512-MXwBc2sYaemZCn1dqVutTbLdM6iy4bx/HS9hHR/+pRpaSVJUlguZ1aQ0BaoIbE4u0uOezGGc5d2bDfWCti3Dww==",
      "license": "GPL-2.0-or-later",
      "dependencies": {
        "@wordpress/dom-ready": "^4.48.0",
        "@wordpress/i18n": "^6.21.0"
      },
      "engines": {
        "node": ">=18.12.0",
        "npm": ">=8.19.2"
      }
    },
    "node_modules/@wordpress/autop": {
      "version": "4.48.0",
      "resolved": "https://registry.npmjs.org/@wordpress/autop/-/autop-4.48.0.tgz",
      "integrity": "sha512-Fn0WzWJjwIFxSfF9RqB3L1XbKudWLGHc4DMTAN4KAfyVl+86FszP85UYJq28EWIMblPO4V1roNXt6ZbShmGsOw==",
      "license": "GPL-2.0-or-later",
      "engines": {
        "node": ">=18.12.0",
        "npm": ">=8.19.2"
      }
    },
    "node_modules/@wordpress/blob": {
      "version": "4.48.0",
      "resolved": "https://registry.npmjs.org/@wordpress/blob/-/blob-4.48.0.tgz",
      "integrity": "sha512-nMFyrFqdAMLeM2QzVN14UuWtBcbiftrcCmPZydZq05wcWs0pUIcd0Xe3D7o77GIfhlpRFOOC4iT7ORJE/YeWiA==",
      "license": "GPL-2.0-or-later",
      "engines": {
        "node": ">=18.12.0",
        "npm": ">=8.19.2"
      }
    },
    "node_modules/@wordpress/block-serialization-default-parser": {
      "version": "5.48.0",
      "resolved": "https://registry.npmjs.org/@wordpress/block-serialization-default-parser/-/block-serialization-default-parser-5.48.0.tgz",
      "integrity": "sha512-bbG7qlz3BZNnZRLtwwFl/VK/ynDtZ3XDbLiTCXrOGF3ij4RdA+Vng3nTNBxxPKLy8gB5t8Fgl5DGK3MXhn+RWA==",
      "license": "GPL-2.0-or-later",
      "engines": {
        "node": ">=18.12.0",
        "npm": ">=8.19.2"
      }
    },
    "node_modules/@wordpress/blocks": {
      "version": "15.21.0",
      "resolved": "https://registry.npmjs.org/@wordpress/blocks/-/blocks-15.21.0.tgz",
      "integrity": "sha512-nq+lOxGFAET150U2dbC/yf5M1l52NlGFffKDr3ChmKscGh4R5KRYfv4fmqQVYujbapWCNJHZJXI63yrSFUOhMA==",
      "license": "GPL-2.0-or-later",
      "dependencies": {
        "@wordpress/autop": "^4.48.0",
        "@wordpress/blob": "^4.48.0",
        "@wordpress/block-serialization-default-parser": "^5.48.0",
        "@wordpress/data": "^10.48.0",
        "@wordpress/deprecated": "^4.48.0",
        "@wordpress/dom": "^4.48.0",
        "@wordpress/element": "^8.0.0",
        "@wordpress/hooks": "^4.48.0",
        "@wordpress/html-entities": "^4.48.0",
        "@wordpress/i18n": "^6.21.0",
        "@wordpress/is-shallow-equal": "^5.48.0",
        "@wordpress/private-apis": "^1.48.0",
        "@wordpress/rich-text": "^7.48.0",
        "@wordpress/shortcode": "^4.48.0",
        "@wordpress/warning": "^3.48.0",
        "change-case": "^4.1.2",
        "colord": "^2.7.0",
        "fast-deep-equal": "^3.1.3",
        "hpq": "^1.3.0",
        "is-plain-object": "^5.0.0",
        "memize": "^2.1.0",
        "react-is": "^18.3.0",
        "remove-accents": "^0.5.0",
        "showdown": "^1.9.1",
        "simple-html-tokenizer": "^0.5.7",
        "uuid": "^14.0.0"
      },
      "engines": {
        "node": ">=18.12.0",
        "npm": ">=8.19.2"
      },
      "peerDependencies": {
        "react": "^18.0.0"
      }
    },
    "node_modules/@wordpress/compose": {
      "version": "8.1.0",
      "resolved": "https://registry.npmjs.org/@wordpress/compose/-/compose-8.1.0.tgz",
      "integrity": "sha512-CAEQxrh3f19ku0SAnYAAiKcUe1zqaK9f0c8vJh+6qrpQnUjl7xLXj5TJOukXlzFH3Z9VZn6fJVfXqmDNAYIhQA==",
      "license": "GPL-2.0-or-later",
      "dependencies": {
        "@types/mousetrap": "^1.6.8",
        "@wordpress/deprecated": "^4.48.0",
        "@wordpress/dom": "^4.48.0",
        "@wordpress/element": "^8.0.0",
        "@wordpress/is-shallow-equal": "^5.48.0",
        "@wordpress/keycodes": "^4.48.0",
        "@wordpress/priority-queue": "^3.48.0",
        "@wordpress/private-apis": "^1.48.0",
        "@wordpress/undo-manager": "^1.48.0",
        "change-case": "^4.1.2",
        "mousetrap": "^1.6.5",
        "use-memo-one": "^1.1.1"
      },
      "engines": {
        "node": ">=18.12.0",
        "npm": ">=8.19.2"
      },
      "peerDependencies": {
        "react": "^18.0.0"
      }
    },
    "node_modules/@wordpress/data": {
      "version": "10.48.0",
      "resolved": "https://registry.npmjs.org/@wordpress/data/-/data-10.48.0.tgz",
      "integrity": "sha512-6SjfTBlXu5fuJWmmlHlwV2wcrcsWL+M5O227AoEvrPSLo96UuMj2kAx3cKLtP3xyOMDyd38koQSf6+SS522bTA==",
      "license": "GPL-2.0-or-later",
      "dependencies": {
        "@wordpress/compose": "^8.1.0",
        "@wordpress/deprecated": "^4.48.0",
        "@wordpress/element": "^8.0.0",
        "@wordpress/is-shallow-equal": "^5.48.0",
        "@wordpress/priority-queue": "^3.48.0",
        "@wordpress/private-apis": "^1.48.0",
        "@wordpress/redux-routine": "^5.48.0",
        "deepmerge": "^4.3.0",
        "equivalent-key-map": "^0.2.2",
        "is-plain-object": "^5.0.0",
        "is-promise": "^4.0.0",
        "redux": "^5.0.1",
        "rememo": "^4.0.2",
        "use-memo-one": "^1.1.1"
      },
      "engines": {
        "node": ">=18.12.0",
        "npm": ">=8.19.2"
      },
      "peerDependencies": {
        "react": "^18.0.0"
      }
    },
    "node_modules/@wordpress/deprecated": {
      "version": "4.48.0",
      "resolved": "https://registry.npmjs.org/@wordpress/deprecated/-/deprecated-4.48.0.tgz",
      "integrity": "sha512-aTa7oww6hvTjfIvxLsxlcwYj7skAGPnr1V2S0iBVQfiIn5wJPiGjM9hz4QEf6kyR44Vh0IYjW9wSxVuDMGZUdw==",
      "license": "GPL-2.0-or-later",
      "dependencies": {
        "@wordpress/hooks": "^4.48.0"
      },
      "engines": {
        "node": ">=18.12.0",
        "npm": ">=8.19.2"
      }
    },
    "node_modules/@wordpress/dom": {
      "version": "4.48.0",
      "resolved": "https://registry.npmjs.org/@wordpress/dom/-/dom-4.48.0.tgz",
      "integrity": "sha512-9UARZ0YQfmhx9VAi+QynSwu5fOJoG4mmPNTpYW8jDmtKh+9c2YIi1YSQFuOa1sipj78ZLPaBxaceZ7dbxKc3UA==",
      "license": "GPL-2.0-or-later",
      "dependencies": {
        "@wordpress/deprecated": "^4.48.0"
      },
      "engines": {
        "node": ">=18.12.0",
        "npm": ">=8.19.2"
      }
    },
    "node_modules/@wordpress/dom-ready": {
      "version": "4.48.0",
      "resolved": "https://registry.npmjs.org/@wordpress/dom-ready/-/dom-ready-4.48.0.tgz",
      "integrity": "sha512-jtH9/4FBTsfYLJDzgiXs41nceTrfvuLXqaWa5IN8drHvXZde6Dhz78m3KCZLrOB5DEE1tbyBNyZkcWM8HNVZ0Q==",
      "license": "GPL-2.0-or-later",
      "engines": {
        "node": ">=18.12.0",
        "npm": ">=8.19.2"
      }
    },
    "node_modules/@wordpress/element": {
      "version": "8.0.0",
      "resolved": "https://registry.npmjs.org/@wordpress/element/-/element-8.0.0.tgz",
      "integrity": "sha512-lQ8TB2vBr6lzcwQ2zh0xy+FC77Demb3FqL81fzpSsLbGUF9hZiTyyUuwc6SG21gCkGGjVm2TnU9BuHax/8nDfQ==",
      "license": "GPL-2.0-or-later",
      "dependencies": {
        "@types/react": "^18.3.27",
        "@types/react-dom": "^18.3.1",
        "@wordpress/deprecated": "^4.48.0",
        "@wordpress/escape-html": "^3.48.0",
        "change-case": "^4.1.2",
        "is-plain-object": "^5.0.0",
        "react": "^18.3.0",
        "react-dom": "^18.3.0"
      },
      "engines": {
        "node": ">=18.12.0",
        "npm": ">=8.19.2"
      }
    },
    "node_modules/@wordpress/escape-html": {
      "version": "3.48.0",
      "resolved": "https://registry.npmjs.org/@wordpress/escape-html/-/escape-html-3.48.0.tgz",
      "integrity": "sha512-phw399RofSqTqIM4DikmkDfgJ7exDYgPfDuxjv3D2YnUTTUsR+U9fA+pA+/rNUiZD1YOmVILQmkJt6oLaVM+nQ==",
      "license": "GPL-2.0-or-later",
      "engines": {
        "node": ">=18.12.0",
        "npm": ">=8.19.2"
      }
    },
    "node_modules/@wordpress/hooks": {
      "version": "4.48.0",
      "resolved": "https://registry.npmjs.org/@wordpress/hooks/-/hooks-4.48.0.tgz",
      "integrity": "sha512-rU1yGEy0Mb+2oRG5QX/bKIIwKQmYAvATfUQeXIF20/mbR0qutYeVTCIvWEyb4pf71tvnQFiN18RWRXWsvKrDbQ==",
      "license": "GPL-2.0-or-later",
      "engines": {
        "node": ">=18.12.0",
        "npm": ">=8.19.2"
      }
    },
    "node_modules/@wordpress/html-entities": {
      "version": "4.48.0",
      "resolved": "https://registry.npmjs.org/@wordpress/html-entities/-/html-entities-4.48.0.tgz",
      "integrity": "sha512-KGxdaLC36wE10GybSfjYGcyWiy+KQCYheB6T8jhZhQ9mlf2Zwx6aJgfZm/L6BLwNN33Efx+sJY3nvMIxI5UwnA==",
      "license": "GPL-2.0-or-later",
      "engines": {
        "node": ">=18.12.0",
        "npm": ">=8.19.2"
      }
    },
    "node_modules/@wordpress/i18n": {
      "version": "6.21.0",
      "resolved": "https://registry.npmjs.org/@wordpress/i18n/-/i18n-6.21.0.tgz",
      "integrity": "sha512-IXGGUJqN6b7QddU0dZB3HLJKu6uDQuhLsrrzYpUYTjDhfa43XEaikA9xHNgZhqzRtOVYqsNHVliWcISvJ/xjZQ==",
      "license": "GPL-2.0-or-later",
      "dependencies": {
        "@tannin/sprintf": "^1.3.2",
        "@wordpress/hooks": "^4.48.0",
        "gettext-parser": "^1.3.1",
        "memize": "^2.1.0",
        "tannin": "^1.2.0"
      },
      "bin": {
        "pot-to-php": "tools/pot-to-php.js"
      },
      "engines": {
        "node": ">=18.12.0",
        "npm": ">=8.19.2"
      }
    },
    "node_modules/@wordpress/is-shallow-equal": {
      "version": "5.48.0",
      "resolved": "https://registry.npmjs.org/@wordpress/is-shallow-equal/-/is-shallow-equal-5.48.0.tgz",
      "integrity": "sha512-7ipiZ1+m84RfuVhiMbtKm6RN571W3ERV/pTL+fSG2qOVhLqccFmliuFHTKQG+0KIhV8DegOlE6eoKOenf+I9ng==",
      "license": "GPL-2.0-or-later",
      "engines": {
        "node": ">=18.12.0",
        "npm": ">=8.19.2"
      }
    },
    "node_modules/@wordpress/keycodes": {
      "version": "4.48.0",
      "resolved": "https://registry.npmjs.org/@wordpress/keycodes/-/keycodes-4.48.0.tgz",
      "integrity": "sha512-u3Uxxe3rDAqEmerAiJ2X94s7iO3ZVgS+10MFyD4nWhfuB/C6m/M2TqHPgZiKvyDH04EIhe+pIF2KFO4pq7NWsw==",
      "license": "GPL-2.0-or-later",
      "dependencies": {
        "@wordpress/i18n": "^6.21.0"
      },
      "engines": {
        "node": ">=18.12.0",
        "npm": ">=8.19.2"
      }
    },
    "node_modules/@wordpress/priority-queue": {
      "version": "3.48.0",
      "resolved": "https://registry.npmjs.org/@wordpress/priority-queue/-/priority-queue-3.48.0.tgz",
      "integrity": "sha512-NuGrfSSnBC794erb3xSEKrzWLGCNLa+ukob0pyVRtnebU7fPgrhx4NCBCXYK1vTcAta3NAkOVRfUZgcmLFYA6g==",
      "license": "GPL-2.0-or-later",
      "dependencies": {
        "requestidlecallback": "^0.3.0"
      },
      "engines": {
        "node": ">=18.12.0",
        "npm": ">=8.19.2"
      }
    },
    "node_modules/@wordpress/private-apis": {
      "version": "1.48.0",
      "resolved": "https://registry.npmjs.org/@wordpress/private-apis/-/private-apis-1.48.0.tgz",
      "integrity": "sha512-HHOSXLCAlBggfMozwWtX36wgsSt22g2tZwpka47Rjzr3hNY1BZ6SrrFJumiNxooy5PDKbRgcF092PAF82hdJXg==",
      "license": "GPL-2.0-or-later",
      "engines": {
        "node": ">=18.12.0",
        "npm": ">=8.19.2"
      }
    },
    "node_modules/@wordpress/redux-routine": {
      "version": "5.48.0",
      "resolved": "https://registry.npmjs.org/@wordpress/redux-routine/-/redux-routine-5.48.0.tgz",
      "integrity": "sha512-MxRgJJyddivxvVhPrn8yEFXTH3WLtoRGNCMiBRJwoIr4GkY8iOFSfRaqOJEkE1zrP4JK6qGFmv1xMvWt78c7ow==",
      "license": "GPL-2.0-or-later",
      "dependencies": {
        "is-plain-object": "^5.0.0",
        "is-promise": "^4.0.0",
        "rungen": "^0.3.2"
      },
      "engines": {
        "node": ">=18.12.0",
        "npm": ">=8.19.2"
      },
      "peerDependencies": {
        "redux": ">=4"
      }
    },
    "node_modules/@wordpress/rich-text": {
      "version": "7.48.0",
      "resolved": "https://registry.npmjs.org/@wordpress/rich-text/-/rich-text-7.48.0.tgz",
      "integrity": "sha512-rMiTTpRnpdynL9BnuI2MkSXzd12Js8gYSnlbVwxNNKNeFEXT+3Ah2oNCGvSb82pD/73Bl5BIGC5395D5a3X9yw==",
      "license": "GPL-2.0-or-later",
      "dependencies": {
        "@wordpress/a11y": "^4.48.0",
        "@wordpress/compose": "^8.1.0",
        "@wordpress/data": "^10.48.0",
        "@wordpress/deprecated": "^4.48.0",
        "@wordpress/dom": "^4.48.0",
        "@wordpress/element": "^8.0.0",
        "@wordpress/escape-html": "^3.48.0",
        "@wordpress/i18n": "^6.21.0",
        "@wordpress/keycodes": "^4.48.0",
        "@wordpress/private-apis": "^1.48.0",
        "colord": "2.9.3",
        "memize": "^2.1.0"
      },
      "engines": {
        "node": ">=18.12.0",
        "npm": ">=8.19.2"
      },
      "peerDependencies": {
        "react": "^18.0.0"
      }
    },
    "node_modules/@wordpress/shortcode": {
      "version": "4.48.0",
      "resolved": "https://registry.npmjs.org/@wordpress/shortcode/-/shortcode-4.48.0.tgz",
      "integrity": "sha512-frF+OdYHJBptTdJzFGOBs7tTpvIFf01Q0vNHdzzZAFMaeA1SzwotRj8mntNlSg2aeX5HNkhzxdDzGNA5wdqQxA==",
      "license": "GPL-2.0-or-later",
      "dependencies": {
        "memize": "^2.0.1"
      },
      "engines": {
        "node": ">=18.12.0",
        "npm": ">=8.19.2"
      }
    },
    "node_modules/@wordpress/undo-manager": {
      "version": "1.48.0",
      "resolved": "https://registry.npmjs.org/@wordpress/undo-manager/-/undo-manager-1.48.0.tgz",
      "integrity": "sha512-HqPGxMvZeWZJ6AVaCqZhfGpH6tqq5+hMlaqh4aCO0SvZ2Gvc6fbXEoVpqWfKozO1DyJW2GnRf8At8PpPt2IopQ==",
      "license": "GPL-2.0-or-later",
      "dependencies": {
        "@wordpress/is-shallow-equal": "^5.48.0"
      },
      "engines": {
        "node": ">=18.12.0",
        "npm": ">=8.19.2"
      }
    },
    "node_modules/@wordpress/warning": {
      "version": "3.48.0",
      "resolved": "https://registry.npmjs.org/@wordpress/warning/-/warning-3.48.0.tgz",
      "integrity": "sha512-En+A99j8aySNzUH0iXok0H2Xi+Uw2useKqYsvPm33VEMa0a0XIwa2I9srK5STp8RydCm1dK+/41K9e5xeFu23Q==",
      "license": "GPL-2.0-or-later",
      "engines": {
        "node": ">=18.12.0",
        "npm": ">=8.19.2"
      }
    },
    "node_modules/camel-case": {
      "version": "4.1.2",
      "resolved": "https://registry.npmjs.org/camel-case/-/camel-case-4.1.2.tgz",
      "integrity": "sha512-gxGWBrTT1JuMx6R+o5PTXMmUnhnVzLQ9SNutD4YqKtI6ap897t3tKECYla6gCWEkplXnlNybEkZg9GEGxKFCgw==",
      "license": "MIT",
      "dependencies": {
        "pascal-case": "^3.1.2",
        "tslib": "^2.0.3"
      }
    },
    "node_modules/camelcase": {
      "version": "5.3.1",
      "resolved": "https://registry.npmjs.org/camelcase/-/camelcase-5.3.1.tgz",
      "integrity": "sha512-L28STB170nwWS63UjtlEOE3dldQApaJXZkOI1uMFfzf3rRuPegHaHesyee+YxQ+W6SvRDQV6UrdOdRiR153wJg==",
      "license": "MIT",
      "engines": {
        "node": ">=6"
      }
    },
    "node_modules/capital-case": {
      "version": "1.0.4",
      "resolved": "https://registry.npmjs.org/capital-case/-/capital-case-1.0.4.tgz",
      "integrity": "sha512-ds37W8CytHgwnhGGTi88pcPyR15qoNkOpYwmMMfnWqqWgESapLqvDx6huFjQ5vqWSn2Z06173XNA7LtMOeUh1A==",
      "license": "MIT",
      "dependencies": {
        "no-case": "^3.0.4",
        "tslib": "^2.0.3",
        "upper-case-first": "^2.0.2"
      }
    },
    "node_modules/change-case": {
      "version": "4.1.2",
      "resolved": "https://registry.npmjs.org/change-case/-/change-case-4.1.2.tgz",
      "integrity": "sha512-bSxY2ws9OtviILG1EiY5K7NNxkqg/JnRnFxLtKQ96JaviiIxi7djMrSd0ECT9AC+lttClmYwKw53BWpOMblo7A==",
      "license": "MIT",
      "dependencies": {
        "camel-case": "^4.1.2",
        "capital-case": "^1.0.4",
        "constant-case": "^3.0.4",
        "dot-case": "^3.0.4",
        "header-case": "^2.0.4",
        "no-case": "^3.0.4",
        "param-case": "^3.0.4",
        "pascal-case": "^3.1.2",
        "path-case": "^3.0.4",
        "sentence-case": "^3.0.4",
        "snake-case": "^3.0.4",
        "tslib": "^2.0.3"
      }
    },
    "node_modules/colord": {
      "version": "2.9.3",
      "resolved": "https://registry.npmjs.org/colord/-/colord-2.9.3.tgz",
      "integrity": "sha512-jeC1axXpnb0/2nn/Y1LPuLdgXBLH7aDcHu4KEKfqw3CUhX7ZpfBSlPKyqXE6btIgEzfWtrX3/tyBCaCvXvMkOw==",
      "license": "MIT"
    },
    "node_modules/constant-case": {
      "version": "3.0.4",
      "resolved": "https://registry.npmjs.org/constant-case/-/constant-case-3.0.4.tgz",
      "integrity": "sha512-I2hSBi7Vvs7BEuJDr5dDHfzb/Ruj3FyvFyh7KLilAjNQw3Be+xgqUBA2W6scVEcL0hL1dwPRtIqEPVUCKkSsyQ==",
      "license": "MIT",
      "dependencies": {
        "no-case": "^3.0.4",
        "tslib": "^2.0.3",
        "upper-case": "^2.0.2"
      }
    },
    "node_modules/css-tree": {
      "version": "3.2.1",
      "resolved": "https://registry.npmjs.org/css-tree/-/css-tree-3.2.1.tgz",
      "integrity": "sha512-X7sjQzceUhu1u7Y/ylrRZFU2FS6LRiFVp6rKLPg23y3x3c3DOKAwuXGDp+PAGjh6CSnCjYeAul8pcT8bAl+lSA==",
      "license": "MIT",
      "dependencies": {
        "mdn-data": "2.27.1",
        "source-map-js": "^1.2.1"
      },
      "engines": {
        "node": "^10 || ^12.20.0 || ^14.13.0 || >=15.0.0"
      }
    },
    "node_modules/csstype": {
      "version": "3.2.3",
      "resolved": "https://registry.npmjs.org/csstype/-/csstype-3.2.3.tgz",
      "integrity": "sha512-z1HGKcYy2xA8AGQfwrn0PAy+PB7X/GSj3UVJW9qKyn43xWa+gl5nXmU4qqLMRzWVLFC8KusUX8T/0kCiOYpAIQ==",
      "license": "MIT"
    },
    "node_modules/decamelize": {
      "version": "1.2.0",
      "resolved": "https://registry.npmjs.org/decamelize/-/decamelize-1.2.0.tgz",
      "integrity": "sha512-z2S+W9X73hAUUki+N+9Za2lBlun89zigOyGrsax+KUQ6wKW4ZoWpEYBkGhQjwAjjDCkWxhY0VKEhk8wzY7F5cA==",
      "license": "MIT",
      "engines": {
        "node": ">=0.10.0"
      }
    },
    "node_modules/deepmerge": {
      "version": "4.3.1",
      "resolved": "https://registry.npmjs.org/deepmerge/-/deepmerge-4.3.1.tgz",
      "integrity": "sha512-3sUqbMEc77XqpdNO7FRyRog+eW3ph+GYCbj+rK+uYyRMuwsVy0rMiVtPn+QJlKFvWP/1PYpapqYn0Me2knFn+A==",
      "license": "MIT",
      "engines": {
        "node": ">=0.10.0"
      }
    },
    "node_modules/dot-case": {
      "version": "3.0.4",
      "resolved": "https://registry.npmjs.org/dot-case/-/dot-case-3.0.4.tgz",
      "integrity": "sha512-Kv5nKlh6yRrdrGvxeJ2e5y2eRUpkUosIW4A2AS38zwSz27zu7ufDwQPi5Jhs3XAlGNetl3bmnGhQsMtkKJnj3w==",
      "license": "MIT",
      "dependencies": {
        "no-case": "^3.0.4",
        "tslib": "^2.0.3"
      }
    },
    "node_modules/encoding": {
      "version": "0.1.13",
      "resolved": "https://registry.npmjs.org/encoding/-/encoding-0.1.13.tgz",
      "integrity": "sha512-ETBauow1T35Y/WZMkio9jiM0Z5xjHHmJ4XmjZOq1l/dXz3lr2sRn87nJy20RupqSh1F2m3HHPSp8ShIPQJrJ3A==",
      "license": "MIT",
      "dependencies": {
        "iconv-lite": "^0.6.2"
      }
    },
    "node_modules/entities": {
      "version": "8.0.0",
      "resolved": "https://registry.npmjs.org/entities/-/entities-8.0.0.tgz",
      "integrity": "sha512-zwfzJecQ/Uej6tusMqwAqU/6KL2XaB2VZ2Jg54Je6ahNBGNH6Ek6g3jjNCF0fG9EWQKGZNddNjU5F1ZQn/sBnA==",
      "license": "BSD-2-Clause",
      "engines": {
        "node": ">=20.19.0"
      },
      "funding": {
        "url": "https://github.com/fb55/entities?sponsor=1"
      }
    },
    "node_modules/equivalent-key-map": {
      "version": "0.2.2",
      "resolved": "https://registry.npmjs.org/equivalent-key-map/-/equivalent-key-map-0.2.2.tgz",
      "integrity": "sha512-xvHeyCDbZzkpN4VHQj/n+j2lOwL0VWszG30X4cOrc9Y7Tuo2qCdZK/0AMod23Z5dCtNUbaju6p0rwOhHUk05ew==",
      "license": "MIT"
    },
    "node_modules/fast-deep-equal": {
      "version": "3.1.3",
      "resolved": "https://registry.npmjs.org/fast-deep-equal/-/fast-deep-equal-3.1.3.tgz",
      "integrity": "sha512-f3qQ9oQy9j2AhBe/H9VC91wLmKBCCU/gDOnKNAYG5hswO7BLKj09Hc5HYNz9cGI++xlpDCIgDaitVs03ATR84Q==",
      "license": "MIT"
    },
    "node_modules/get-caller-file": {
      "version": "2.0.5",
      "resolved": "https://registry.npmjs.org/get-caller-file/-/get-caller-file-2.0.5.tgz",
      "integrity": "sha512-DyFP3BM/3YHTQOCUL/w0OZHR0lpKeGrxotcHWcqNEdnltqFwXVfhEBQ94eIo34AfQpo0rGki4cyIiftY06h2Fg==",
      "license": "ISC",
      "engines": {
        "node": "6.* || 8.* || >= 10.*"
      }
    },
    "node_modules/gettext-parser": {
      "version": "1.4.0",
      "resolved": "https://registry.npmjs.org/gettext-parser/-/gettext-parser-1.4.0.tgz",
      "integrity": "sha512-sedZYLHlHeBop/gZ1jdg59hlUEcpcZJofLq2JFwJT1zTqAU3l2wFv6IsuwFHGqbiT9DWzMUW4/em2+hspnmMMA==",
      "license": "MIT",
      "dependencies": {
        "encoding": "^0.1.12",
        "safe-buffer": "^5.1.1"
      }
    },
    "node_modules/header-case": {
      "version": "2.0.4",
      "resolved": "https://registry.npmjs.org/header-case/-/header-case-2.0.4.tgz",
      "integrity": "sha512-H/vuk5TEEVZwrR0lp2zed9OCo1uAILMlx0JEMgC26rzyJJ3N1v6XkwHHXJQdR2doSjcGPM6OKPYoJgf0plJ11Q==",
      "license": "MIT",
      "dependencies": {
        "capital-case": "^1.0.4",
        "tslib": "^2.0.3"
      }
    },
    "node_modules/hpq": {
      "version": "1.4.0",
      "resolved": "https://registry.npmjs.org/hpq/-/hpq-1.4.0.tgz",
      "integrity": "sha512-ycJQMRaRPBcfnoT1gS5I1XCvbbw9KO94Y0vkwksuOjcJMqNZtb03MF2tCItLI2mQbkZWSSeFinoRDPmjzv4tKg==",
      "license": "MIT"
    },
    "node_modules/iconv-lite": {
      "version": "0.6.3",
      "resolved": "https://registry.npmjs.org/iconv-lite/-/iconv-lite-0.6.3.tgz",
      "integrity": "sha512-4fCk79wshMdzMp2rH06qWrJE4iolqLhCUH+OiuIgU++RB0+94NlDL81atO7GX55uUKueo0txHNtvEyI6D7WdMw==",
      "license": "MIT",
      "dependencies": {
        "safer-buffer": ">= 2.1.2 < 3.0.0"
      },
      "engines": {
        "node": ">=0.10.0"
      }
    },
    "node_modules/is-plain-object": {
      "version": "5.0.0",
      "resolved": "https://registry.npmjs.org/is-plain-object/-/is-plain-object-5.0.0.tgz",
      "integrity": "sha512-VRSzKkbMm5jMDoKLbltAkFQ5Qr7VDiTFGXxYFXXowVj387GeGNOCsOH6Msy00SGZ3Fp84b1Naa1psqgcCIEP5Q==",
      "license": "MIT",
      "engines": {
        "node": ">=0.10.0"
      }
    },
    "node_modules/is-promise": {
      "version": "4.0.0",
      "resolved": "https://registry.npmjs.org/is-promise/-/is-promise-4.0.0.tgz",
      "integrity": "sha512-hvpoI6korhJMnej285dSg6nu1+e6uxs7zG3BYAm5byqDsgJNWwxzM6z6iZiAgQR4TJ30JmBTOwqZUw3WlyH3AQ==",
      "license": "MIT"
    },
    "node_modules/js-tokens": {
      "version": "4.0.0",
      "resolved": "https://registry.npmjs.org/js-tokens/-/js-tokens-4.0.0.tgz",
      "integrity": "sha512-RdJUflcE3cUzKiMqQgsCu06FPu9UdIJO0beYbPhHN4k6apgJtifcoCtT9bcxOpYBtpD2kCM6Sbzg4CausW/PKQ==",
      "license": "MIT"
    },
    "node_modules/loose-envify": {
      "version": "1.4.0",
      "resolved": "https://registry.npmjs.org/loose-envify/-/loose-envify-1.4.0.tgz",
      "integrity": "sha512-lyuxPGr/Wfhrlem2CL/UcnUc1zcqKAImBDzukY7Y5F/yQiNdko6+fRLevlw1HgMySw7f611UIY408EtxRSoK3Q==",
      "license": "MIT",
      "dependencies": {
        "js-tokens": "^3.0.0 || ^4.0.0"
      },
      "bin": {
        "loose-envify": "cli.js"
      }
    },
    "node_modules/lower-case": {
      "version": "2.0.2",
      "resolved": "https://registry.npmjs.org/lower-case/-/lower-case-2.0.2.tgz",
      "integrity": "sha512-7fm3l3NAF9WfN6W3JOmf5drwpVqX78JtoGJ3A6W0a6ZnldM41w2fV5D490psKFTpMds8TJse/eHLFFsNHHjHgg==",
      "license": "MIT",
      "dependencies": {
        "tslib": "^2.0.3"
      }
    },
    "node_modules/mdn-data": {
      "version": "2.27.1",
      "resolved": "https://registry.npmjs.org/mdn-data/-/mdn-data-2.27.1.tgz",
      "integrity": "sha512-9Yubnt3e8A0OKwxYSXyhLymGW4sCufcLG6VdiDdUGVkPhpqLxlvP5vl1983gQjJl3tqbrM731mjaZaP68AgosQ==",
      "license": "CC0-1.0"
    },
    "node_modules/memize": {
      "version": "2.1.1",
      "resolved": "https://registry.npmjs.org/memize/-/memize-2.1.1.tgz",
      "integrity": "sha512-8Nl+i9S5D6KXnruM03Jgjb+LwSupvR13WBr4hJegaaEyobvowCVupi79y2WSiWvO1mzBWxPwEYE5feCe8vyA5w==",
      "license": "MIT"
    },
    "node_modules/mousetrap": {
      "version": "1.6.5",
      "resolved": "https://registry.npmjs.org/mousetrap/-/mousetrap-1.6.5.tgz",
      "integrity": "sha512-QNo4kEepaIBwiT8CDhP98umTetp+JNfQYBWvC1pc6/OAibuXtRcxZ58Qz8skvEHYvURne/7R8T5VoOI7rDsEUA==",
      "license": "Apache-2.0 WITH LLVM-exception"
    },
    "node_modules/no-case": {
      "version": "3.0.4",
      "resolved": "https://registry.npmjs.org/no-case/-/no-case-3.0.4.tgz",
      "integrity": "sha512-fgAN3jGAh+RoxUGZHTSOLJIqUc2wmoBwGR4tbpNAKmmovFoWq0OdRkb0VkldReO2a2iBT/OEulG9XSUc10r3zg==",
      "license": "MIT",
      "dependencies": {
        "lower-case": "^2.0.2",
        "tslib": "^2.0.3"
      }
    },
    "node_modules/p-limit": {
      "version": "2.3.0",
      "resolved": "https://registry.npmjs.org/p-limit/-/p-limit-2.3.0.tgz",
      "integrity": "sha512-//88mFWSJx8lxCzwdAABTJL2MyWB12+eIY7MDL2SqLmAkeKU9qxRvWuSyTjm3FUmpBEMuFfckAIqEaVGUDxb6w==",
      "license": "MIT",
      "dependencies": {
        "p-try": "^2.0.0"
      },
      "engines": {
        "node": ">=6"
      },
      "funding": {
        "url": "https://github.com/sponsors/sindresorhus"
      }
    },
    "node_modules/p-try": {
      "version": "2.2.0",
      "resolved": "https://registry.npmjs.org/p-try/-/p-try-2.2.0.tgz",
      "integrity": "sha512-R4nPAVTAU0B9D35/Gk3uJf/7XYbQcyohSKdvAxIRSNghFl4e71hVoGnBNQz9cWaXxO2I10KTC+3jMdvvoKw6dQ==",
      "license": "MIT",
      "engines": {
        "node": ">=6"
      }
    },
    "node_modules/param-case": {
      "version": "3.0.4",
      "resolved": "https://registry.npmjs.org/param-case/-/param-case-3.0.4.tgz",
      "integrity": "sha512-RXlj7zCYokReqWpOPH9oYivUzLYZ5vAPIfEmCTNViosC78F8F0H9y7T7gG2M39ymgutxF5gcFEsyZQSph9Bp3A==",
      "license": "MIT",
      "dependencies": {
        "dot-case": "^3.0.4",
        "tslib": "^2.0.3"
      }
    },
    "node_modules/parse5": {
      "version": "8.0.1",
      "resolved": "https://registry.npmjs.org/parse5/-/parse5-8.0.1.tgz",
      "integrity": "sha512-z1e/HMG90obSGeidlli3hj7cbocou0/wa5HacvI3ASx34PecNjNQeaHNo5WIZpWofN9kgkqV1q5YvXe3F0FoPw==",
      "license": "MIT",
      "dependencies": {
        "entities": "^8.0.0"
      },
      "funding": {
        "url": "https://github.com/inikulin/parse5?sponsor=1"
      }
    },
    "node_modules/pascal-case": {
      "version": "3.1.2",
      "resolved": "https://registry.npmjs.org/pascal-case/-/pascal-case-3.1.2.tgz",
      "integrity": "sha512-uWlGT3YSnK9x3BQJaOdcZwrnV6hPpd8jFH1/ucpiLRPh/2zCVJKS19E4GvYHvaCcACn3foXZ0cLB9Wrx1KGe5g==",
      "license": "MIT",
      "dependencies": {
        "no-case": "^3.0.4",
        "tslib": "^2.0.3"
      }
    },
    "node_modules/path-case": {
      "version": "3.0.4",
      "resolved": "https://registry.npmjs.org/path-case/-/path-case-3.0.4.tgz",
      "integrity": "sha512-qO4qCFjXqVTrcbPt/hQfhTQ+VhFsqNKOPtytgNKkKxSoEp3XPUQ8ObFuePylOIok5gjn69ry8XiULxCwot3Wfg==",
      "license": "MIT",
      "dependencies": {
        "dot-case": "^3.0.4",
        "tslib": "^2.0.3"
      }
    },
    "node_modules/react": {
      "version": "18.3.1",
      "resolved": "https://registry.npmjs.org/react/-/react-18.3.1.tgz",
      "integrity": "sha512-wS+hAgJShR0KhEvPJArfuPVN1+Hz1t0Y6n5jLrGQbkb4urgPE/0Rve+1kMB1v/oWgHgm4WIcV+i7F2pTVj+2iQ==",
      "license": "MIT",
      "dependencies": {
        "loose-envify": "^1.1.0"
      },
      "engines": {
        "node": ">=0.10.0"
      }
    },
    "node_modules/react-dom": {
      "version": "18.3.1",
      "resolved": "https://registry.npmjs.org/react-dom/-/react-dom-18.3.1.tgz",
      "integrity": "sha512-5m4nQKp+rZRb09LNH59GM4BxTh9251/ylbKIbpe7TpGxfJ+9kv6BLkLBXIjjspbgbnIBNqlI23tRnTWT0snUIw==",
      "license": "MIT",
      "dependencies": {
        "loose-envify": "^1.1.0",
        "scheduler": "^0.23.2"
      },
      "peerDependencies": {
        "react": "^18.3.1"
      }
    },
    "node_modules/react-is": {
      "version": "18.3.1",
      "resolved": "https://registry.npmjs.org/react-is/-/react-is-18.3.1.tgz",
      "integrity": "sha512-/LLMVyas0ljjAtoYiPqYiL8VWXzUUdThrmU5+n20DZv+a+ClRoevUzw5JxU+Ieh5/c87ytoTBV9G1FiKfNJdmg==",
      "license": "MIT"
    },
    "node_modules/redux": {
      "version": "5.0.1",
      "resolved": "https://registry.npmjs.org/redux/-/redux-5.0.1.tgz",
      "integrity": "sha512-M9/ELqF6fy8FwmkpnF0S3YKOqMyoWJ4+CS5Efg2ct3oY9daQvd/Pc71FpGZsVsbl3Cpb+IIcjBDUnnyBdQbq4w==",
      "license": "MIT"
    },
    "node_modules/rememo": {
      "version": "4.0.2",
      "resolved": "https://registry.npmjs.org/rememo/-/rememo-4.0.2.tgz",
      "integrity": "sha512-NVfSP9NstE3QPNs/TnegQY0vnJnstKQSpcrsI2kBTB3dB2PkdfKdTa+abbjMIDqpc63fE5LfjLgfMst0ULMFxQ==",
      "license": "MIT"
    },
    "node_modules/remove-accents": {
      "version": "0.5.0",
      "resolved": "https://registry.npmjs.org/remove-accents/-/remove-accents-0.5.0.tgz",
      "integrity": "sha512-8g3/Otx1eJaVD12e31UbJj1YzdtVvzH85HV7t+9MJYk/u3XmkOUJ5Ys9wQrf9PCPK8+xn4ymzqYCiZl6QWKn+A==",
      "license": "MIT"
    },
    "node_modules/requestidlecallback": {
      "version": "0.3.0",
      "resolved": "https://registry.npmjs.org/requestidlecallback/-/requestidlecallback-0.3.0.tgz",
      "integrity": "sha512-TWHFkT7S9p7IxLC5A1hYmAYQx2Eb9w1skrXmQ+dS1URyvR8tenMLl4lHbqEOUnpEYxNKpkVMXUgknVpBZWXXfQ==",
      "license": "MIT"
    },
    "node_modules/require-directory": {
      "version": "2.1.1",
      "resolved": "https://registry.npmjs.org/require-directory/-/require-directory-2.1.1.tgz",
      "integrity": "sha512-fGxEI7+wsG9xrvdjsrlmL22OMTTiHRwAMroiEeMgq8gzoLC/PQr7RsRDSTLUg/bZAZtF+TVIkHc6/4RIKrui+Q==",
      "license": "MIT",
      "engines": {
        "node": ">=0.10.0"
      }
    },
    "node_modules/require-main-filename": {
      "version": "2.0.0",
      "resolved": "https://registry.npmjs.org/require-main-filename/-/require-main-filename-2.0.0.tgz",
      "integrity": "sha512-NKN5kMDylKuldxYLSUfrbo5Tuzh4hd+2E8NPPX02mZtn1VuREQToYe/ZdlJy+J3uCpfaiGF05e7B8W0iXbQHmg==",
      "license": "ISC"
    },
    "node_modules/rungen": {
      "version": "0.3.2",
      "resolved": "https://registry.npmjs.org/rungen/-/rungen-0.3.2.tgz",
      "integrity": "sha512-zWl10xu2D7zoR8zSC2U6bg5bYF6T/Wk7rxwp8IPaJH7f0Ge21G03kNHVgHR7tyVkSSfAOG0Rqf/Cl38JftSmtw==",
      "license": "MIT"
    },
    "node_modules/safe-buffer": {
      "version": "5.2.1",
      "resolved": "https://registry.npmjs.org/safe-buffer/-/safe-buffer-5.2.1.tgz",
      "integrity": "sha512-rp3So07KcdmmKbGvgaNxQSJr7bGVSVk5S9Eq1F+ppbRo70+YeaDxkw5Dd8NPN+GD6bjnYm2VuPuCXmpuYvmCXQ==",
      "funding": [
        {
          "type": "github",
          "url": "https://github.com/sponsors/feross"
        },
        {
          "type": "patreon",
          "url": "https://www.patreon.com/feross"
        },
        {
          "type": "consulting",
          "url": "https://feross.org/support"
        }
      ],
      "license": "MIT"
    },
    "node_modules/safer-buffer": {
      "version": "2.1.2",
      "resolved": "https://registry.npmjs.org/safer-buffer/-/safer-buffer-2.1.2.tgz",
      "integrity": "sha512-YZo3K82SD7Riyi0E1EQPojLz7kpepnSQI9IyPbHHg1XXXevb5dJI7tpyN2ADxGcQbHG7vcyRHk0cbwqcQriUtg==",
      "license": "MIT"
    },
    "node_modules/scheduler": {
      "version": "0.23.2",
      "resolved": "https://registry.npmjs.org/scheduler/-/scheduler-0.23.2.tgz",
      "integrity": "sha512-UOShsPwz7NrMUqhR6t0hWjFduvOzbtv7toDH1/hIrfRNIDBnnBWd0CwJTGvTpngVlmwGCdP9/Zl/tVrDqcuYzQ==",
      "license": "MIT",
      "dependencies": {
        "loose-envify": "^1.1.0"
      }
    },
    "node_modules/sentence-case": {
      "version": "3.0.4",
      "resolved": "https://registry.npmjs.org/sentence-case/-/sentence-case-3.0.4.tgz",
      "integrity": "sha512-8LS0JInaQMCRoQ7YUytAo/xUu5W2XnQxV2HI/6uM6U7CITS1RqPElr30V6uIqyMKM9lJGRVFy5/4CuzcixNYSg==",
      "license": "MIT",
      "dependencies": {
        "no-case": "^3.0.4",
        "tslib": "^2.0.3",
        "upper-case-first": "^2.0.2"
      }
    },
    "node_modules/set-blocking": {
      "version": "2.0.0",
      "resolved": "https://registry.npmjs.org/set-blocking/-/set-blocking-2.0.0.tgz",
      "integrity": "sha512-KiKBS8AnWGEyLzofFfmvKwpdPzqiy16LvQfK3yv/fVH7Bj13/wl3JSR1J+rfgRE9q7xUJK4qvgS8raSOeLUehw==",
      "license": "ISC"
    },
    "node_modules/showdown": {
      "version": "1.9.1",
      "resolved": "https://registry.npmjs.org/showdown/-/showdown-1.9.1.tgz",
      "integrity": "sha512-9cGuS382HcvExtf5AHk7Cb4pAeQQ+h0eTr33V1mu+crYWV4KvWAw6el92bDrqGEk5d46Ai/fhbEUwqJ/mTCNEA==",
      "license": "BSD-3-Clause",
      "dependencies": {
        "yargs": "^14.2"
      },
      "bin": {
        "showdown": "bin/showdown.js"
      }
    },
    "node_modules/showdown/node_modules/ansi-regex": {
      "version": "4.1.1",
      "resolved": "https://registry.npmjs.org/ansi-regex/-/ansi-regex-4.1.1.tgz",
      "integrity": "sha512-ILlv4k/3f6vfQ4OoP2AGvirOktlQ98ZEL1k9FaQjxa3L1abBgbuTDAdPOpvbGncC0BTVQrl+OM8xZGK6tWXt7g==",
      "license": "MIT",
      "engines": {
        "node": ">=6"
      }
    },
    "node_modules/showdown/node_modules/ansi-styles": {
      "version": "3.2.1",
      "resolved": "https://registry.npmjs.org/ansi-styles/-/ansi-styles-3.2.1.tgz",
      "integrity": "sha512-VT0ZI6kZRdTh8YyJw3SMbYm/u+NqfsAxEpWO0Pf9sq8/e94WxxOpPKx9FR1FlyCtOVDNOQ+8ntlqFxiRc+r5qA==",
      "license": "MIT",
      "dependencies": {
        "color-convert": "^1.9.0"
      },
      "engines": {
        "node": ">=4"
      }
    },
    "node_modules/showdown/node_modules/cliui": {
      "version": "5.0.0",
      "resolved": "https://registry.npmjs.org/cliui/-/cliui-5.0.0.tgz",
      "integrity": "sha512-PYeGSEmmHM6zvoef2w8TPzlrnNpXIjTipYK780YswmIP9vjxmd6Y2a3CB2Ks6/AU8NHjZugXvo8w3oWM2qnwXA==",
      "license": "ISC",
      "dependencies": {
        "string-width": "^3.1.0",
        "strip-ansi": "^5.2.0",
        "wrap-ansi": "^5.1.0"
      }
    },
    "node_modules/showdown/node_modules/color-convert": {
      "version": "1.9.3",
      "resolved": "https://registry.npmjs.org/color-convert/-/color-convert-1.9.3.tgz",
      "integrity": "sha512-QfAUtd+vFdAtFQcC8CCyYt1fYWxSqAiK2cSD6zDB8N3cpsEBAvRxp9zOGg6G/SHHJYAT88/az/IuDGALsNVbGg==",
      "license": "MIT",
      "dependencies": {
        "color-name": "1.1.3"
      }
    },
    "node_modules/showdown/node_modules/color-name": {
      "version": "1.1.3",
      "resolved": "https://registry.npmjs.org/color-name/-/color-name-1.1.3.tgz",
      "integrity": "sha512-72fSenhMw2HZMTVHeCA9KCmpEIbzWiQsjN+BHcBbS9vr1mtt+vJjPdksIBNUmKAW8TFUDPJK5SUU3QhE9NEXDw==",
      "license": "MIT"
    },
    "node_modules/showdown/node_modules/emoji-regex": {
      "version": "7.0.3",
      "resolved": "https://registry.npmjs.org/emoji-regex/-/emoji-regex-7.0.3.tgz",
      "integrity": "sha512-CwBLREIQ7LvYFB0WyRvwhq5N5qPhc6PMjD6bYggFlI5YyDgl+0vxq5VHbMOFqLg7hfWzmu8T5Z1QofhmTIhItA==",
      "license": "MIT"
    },
    "node_modules/showdown/node_modules/find-up": {
      "version": "3.0.0",
      "resolved": "https://registry.npmjs.org/find-up/-/find-up-3.0.0.tgz",
      "integrity": "sha512-1yD6RmLI1XBfxugvORwlck6f75tYL+iR0jqwsOrOxMZyGYqUuDhJ0l4AXdO1iX/FTs9cBAMEk1gWSEx1kSbylg==",
      "license": "MIT",
      "dependencies": {
        "locate-path": "^3.0.0"
      },
      "engines": {
        "node": ">=6"
      }
    },
    "node_modules/showdown/node_modules/is-fullwidth-code-point": {
      "version": "2.0.0",
      "resolved": "https://registry.npmjs.org/is-fullwidth-code-point/-/is-fullwidth-code-point-2.0.0.tgz",
      "integrity": "sha512-VHskAKYM8RfSFXwee5t5cbN5PZeq1Wrh6qd5bkyiXIf6UQcN6w/A0eXM9r6t8d+GYOh+o6ZhiEnb88LN/Y8m2w==",
      "license": "MIT",
      "engines": {
        "node": ">=4"
      }
    },
    "node_modules/showdown/node_modules/locate-path": {
      "version": "3.0.0",
      "resolved": "https://registry.npmjs.org/locate-path/-/locate-path-3.0.0.tgz",
      "integrity": "sha512-7AO748wWnIhNqAuaty2ZWHkQHRSNfPVIsPIfwEOWO22AmaoVrWavlOcMR5nzTLNYvp36X220/maaRsrec1G65A==",
      "license": "MIT",
      "dependencies": {
        "p-locate": "^3.0.0",
        "path-exists": "^3.0.0"
      },
      "engines": {
        "node": ">=6"
      }
    },
    "node_modules/showdown/node_modules/p-locate": {
      "version": "3.0.0",
      "resolved": "https://registry.npmjs.org/p-locate/-/p-locate-3.0.0.tgz",
      "integrity": "sha512-x+12w/To+4GFfgJhBEpiDcLozRJGegY+Ei7/z0tSLkMmxGZNybVMSfWj9aJn8Z5Fc7dBUNJOOVgPv2H7IwulSQ==",
      "license": "MIT",
      "dependencies": {
        "p-limit": "^2.0.0"
      },
      "engines": {
        "node": ">=6"
      }
    },
    "node_modules/showdown/node_modules/path-exists": {
      "version": "3.0.0",
      "resolved": "https://registry.npmjs.org/path-exists/-/path-exists-3.0.0.tgz",
      "integrity": "sha512-bpC7GYwiDYQ4wYLe+FA8lhRjhQCMcQGuSgGGqDkg/QerRWw9CmGRT0iSOVRSZJ29NMLZgIzqaljJ63oaL4NIJQ==",
      "license": "MIT",
      "engines": {
        "node": ">=4"
      }
    },
    "node_modules/showdown/node_modules/string-width": {
      "version": "3.1.0",
      "resolved": "https://registry.npmjs.org/string-width/-/string-width-3.1.0.tgz",
      "integrity": "sha512-vafcv6KjVZKSgz06oM/H6GDBrAtz8vdhQakGjFIvNrHA6y3HCF1CInLy+QLq8dTJPQ1b+KDUqDFctkdRW44e1w==",
      "license": "MIT",
      "dependencies": {
        "emoji-regex": "^7.0.1",
        "is-fullwidth-code-point": "^2.0.0",
        "strip-ansi": "^5.1.0"
      },
      "engines": {
        "node": ">=6"
      }
    },
    "node_modules/showdown/node_modules/strip-ansi": {
      "version": "5.2.0",
      "resolved": "https://registry.npmjs.org/strip-ansi/-/strip-ansi-5.2.0.tgz",
      "integrity": "sha512-DuRs1gKbBqsMKIZlrffwlug8MHkcnpjs5VPmL1PAh+mA30U0DTotfDZ0d2UUsXpPmPmMMJ6W773MaA3J+lbiWA==",
      "license": "MIT",
      "dependencies": {
        "ansi-regex": "^4.1.0"
      },
      "engines": {
        "node": ">=6"
      }
    },
    "node_modules/showdown/node_modules/wrap-ansi": {
      "version": "5.1.0",
      "resolved": "https://registry.npmjs.org/wrap-ansi/-/wrap-ansi-5.1.0.tgz",
      "integrity": "sha512-QC1/iN/2/RPVJ5jYK8BGttj5z83LmSKmvbvrXPNCLZSEb32KKVDJDl/MOt2N01qU2H/FkzEa9PKto1BqDjtd7Q==",
      "license": "MIT",
      "dependencies": {
        "ansi-styles": "^3.2.0",
        "string-width": "^3.0.0",
        "strip-ansi": "^5.0.0"
      },
      "engines": {
        "node": ">=6"
      }
    },
    "node_modules/showdown/node_modules/y18n": {
      "version": "4.0.3",
      "resolved": "https://registry.npmjs.org/y18n/-/y18n-4.0.3.tgz",
      "integrity": "sha512-JKhqTOwSrqNA1NY5lSztJ1GrBiUodLMmIZuLiDaMRJ+itFd+ABVE8XBjOvIWL+rSqNDC74LCSFmlb/U4UZ4hJQ==",
      "license": "ISC"
    },
    "node_modules/showdown/node_modules/yargs": {
      "version": "14.2.3",
      "resolved": "https://registry.npmjs.org/yargs/-/yargs-14.2.3.tgz",
      "integrity": "sha512-ZbotRWhF+lkjijC/VhmOT9wSgyBQ7+zr13+YLkhfsSiTriYsMzkTUFP18pFhWwBeMa5gUc1MzbhrO6/VB7c9Xg==",
      "license": "MIT",
      "dependencies": {
        "cliui": "^5.0.0",
        "decamelize": "^1.2.0",
        "find-up": "^3.0.0",
        "get-caller-file": "^2.0.1",
        "require-directory": "^2.1.1",
        "require-main-filename": "^2.0.0",
        "set-blocking": "^2.0.0",
        "string-width": "^3.0.0",
        "which-module": "^2.0.0",
        "y18n": "^4.0.0",
        "yargs-parser": "^15.0.1"
      }
    },
    "node_modules/showdown/node_modules/yargs-parser": {
      "version": "15.0.3",
      "resolved": "https://registry.npmjs.org/yargs-parser/-/yargs-parser-15.0.3.tgz",
      "integrity": "sha512-/MVEVjTXy/cGAjdtQf8dW3V9b97bPN7rNn8ETj6BmAQL7ibC7O1Q9SPJbGjgh3SlwoBNXMzj/ZGIj8mBgl12YA==",
      "license": "ISC",
      "dependencies": {
        "camelcase": "^5.0.0",
        "decamelize": "^1.2.0"
      }
    },
    "node_modules/simple-html-tokenizer": {
      "version": "0.5.11",
      "resolved": "https://registry.npmjs.org/simple-html-tokenizer/-/simple-html-tokenizer-0.5.11.tgz",
      "integrity": "sha512-C2WEK/Z3HoSFbYq8tI7ni3eOo/NneSPRoPpcM7WdLjFOArFuyXEjAoCdOC3DgMfRyziZQ1hCNR4mrNdWEvD0og==",
      "license": "MIT"
    },
    "node_modules/snake-case": {
      "version": "3.0.4",
      "resolved": "https://registry.npmjs.org/snake-case/-/snake-case-3.0.4.tgz",
      "integrity": "sha512-LAOh4z89bGQvl9pFfNF8V146i7o7/CqFPbqzYgP+yYzDIDeS9HaNFtXABamRW+AQzEVODcvE79ljJ+8a9YSdMg==",
      "license": "MIT",
      "dependencies": {
        "dot-case": "^3.0.4",
        "tslib": "^2.0.3"
      }
    },
    "node_modules/source-map-js": {
      "version": "1.2.1",
      "resolved": "https://registry.npmjs.org/source-map-js/-/source-map-js-1.2.1.tgz",
      "integrity": "sha512-UXWMKhLOwVKb728IUtQPXxfYU+usdybtUrK/8uGE8CQMvrhOpwvzDBwj0QhSL7MQc7vIsISBG8VQ8+IDQxpfQA==",
      "license": "BSD-3-Clause",
      "engines": {
        "node": ">=0.10.0"
      }
    },
    "node_modules/tannin": {
      "version": "1.2.0",
      "resolved": "https://registry.npmjs.org/tannin/-/tannin-1.2.0.tgz",
      "integrity": "sha512-U7GgX/RcSeUETbV7gYgoz8PD7Ni4y95pgIP/Z6ayI3CfhSujwKEBlGFTCRN+Aqnuyf4AN2yHL+L8x+TCGjb9uA==",
      "license": "MIT",
      "dependencies": {
        "@tannin/plural-forms": "^1.1.0"
      }
    },
    "node_modules/tslib": {
      "version": "2.8.1",
      "resolved": "https://registry.npmjs.org/tslib/-/tslib-2.8.1.tgz",
      "integrity": "sha512-oJFu94HQb+KVduSUQL7wnpmqnfmLsOA/nAh6b6EH0wCEoK0/mPeXU6c3wKDV83MkOuHPRHtSXKKU99IBazS/2w==",
      "license": "0BSD"
    },
    "node_modules/typescript": {
      "version": "5.9.3",
      "resolved": "https://registry.npmjs.org/typescript/-/typescript-5.9.3.tgz",
      "integrity": "sha512-jl1vZzPDinLr9eUt3J/t7V6FgNEw9QjvBPdysz9KfQDD41fQrC2Y4vKQdiaUpFT4bXlb1RHhLpp8wtm6M5TgSw==",
      "dev": true,
      "license": "Apache-2.0",
      "bin": {
        "tsc": "bin/tsc",
        "tsserver": "bin/tsserver"
      },
      "engines": {
        "node": ">=14.17"
      }
    },
    "node_modules/undici-types": {
      "version": "7.18.2",
      "resolved": "https://registry.npmjs.org/undici-types/-/undici-types-7.18.2.tgz",
      "integrity": "sha512-AsuCzffGHJybSaRrmr5eHr81mwJU3kjw6M+uprWvCXiNeN9SOGwQ3Jn8jb8m3Z6izVgknn1R0FTCEAP2QrLY/w==",
      "dev": true,
      "license": "MIT"
    },
    "node_modules/upper-case": {
      "version": "2.0.2",
      "resolved": "https://registry.npmjs.org/upper-case/-/upper-case-2.0.2.tgz",
      "integrity": "sha512-KgdgDGJt2TpuwBUIjgG6lzw2GWFRCW9Qkfkiv0DxqHHLYJHmtmdUIKcZd8rHgFSjopVTlw6ggzCm1b8MFQwikg==",
      "license": "MIT",
      "dependencies": {
        "tslib": "^2.0.3"
      }
    },
    "node_modules/upper-case-first": {
      "version": "2.0.2",
      "resolved": "https://registry.npmjs.org/upper-case-first/-/upper-case-first-2.0.2.tgz",
      "integrity": "sha512-514ppYHBaKwfJRK/pNC6c/OxfGa0obSnAl106u97Ed0I625Nin96KAjttZF6ZL3e1XLtphxnqrOi9iWgm+u+bg==",
      "license": "MIT",
      "dependencies": {
        "tslib": "^2.0.3"
      }
    },
    "node_modules/use-memo-one": {
      "version": "1.1.3",
      "resolved": "https://registry.npmjs.org/use-memo-one/-/use-memo-one-1.1.3.tgz",
      "integrity": "sha512-g66/K7ZQGYrI6dy8GLpVcMsBp4s17xNkYJVSMvTEevGy3nDxHOfE6z8BVE22+5G5x7t3+bhzrlTDB7ObrEE0cQ==",
      "license": "MIT",
      "peerDependencies": {
        "react": "^16.8.0 || ^17.0.0 || ^18.0.0"
      }
    },
    "node_modules/uuid": {
      "version": "14.0.0",
      "resolved": "https://registry.npmjs.org/uuid/-/uuid-14.0.0.tgz",
      "integrity": "sha512-Qo+uWgilfSmAhXCMav1uYFynlQO7fMFiMVZsQqZRMIXp0O7rR7qjkj+cPvBHLgBqi960QCoo/PH2/6ZtVqKvrg==",
      "funding": [
        "https://github.com/sponsors/broofa",
        "https://github.com/sponsors/ctavan"
      ],
      "license": "MIT",
      "bin": {
        "uuid": "dist-node/bin/uuid"
      }
    },
    "node_modules/which-module": {
      "version": "2.0.1",
      "resolved": "https://registry.npmjs.org/which-module/-/which-module-2.0.1.tgz",
      "integrity": "sha512-iBdZ57RDvnOR9AGBhML2vFZf7h8vmBjhoaZqODJBFWHVtKkDmKuHai3cx5PgVMrX5YDNp27AofYbAwctSS+vhQ==",
      "license": "ISC"
    }
  }
}
